
Microsoft Visual Studio Solution File, Format Version 12.00
# Visual Studio 2013
VisualStudioVersion = 12.0.21005.1
MinimumVisualStudioVersion = 10.0.40219.1
Project("{FAE04EC0-301F-11D3-BF4B-00C04F79EFBC}") = "Backend", "Backend\Backend.csproj", "{687FAD06-7C47-40CA-8BA0-4B33B57685A6}"
EndProject
Project("{FAE04EC0-301F-11D3-BF4B-00C04F79EFBC}") = "InterfaceAdmin", "InterfaceAdmin\InterfaceAdmin.csproj", "{045F2E0A-DF0F-48BA-8916-D21B8244EFA0}"
EndProject
Project("{FAE04EC0-301F-11D3-BF4B-00C04F79EFBC}") = "InterfaceClient", "InterfaceClient\InterfaceClient.csproj", "{66C2E415-57F7-4066-B06A-33B0829FFDF7}"
EndProject
Project("{FAE04EC0-301F-11D3-BF4B-00C04F79EFBC}") = "ControlesGraphiques", "ControlesGraphiques\ControlesGraphiques.csproj", "{4C98FFB7-D0C6-4AE7-8518-D4428A1E997D}"
EndProject
Global
	GlobalSection(SolutionConfigurationPlatforms) = preSolution
		Debug|Any CPU = Debug|Any CPU
		Release|Any CPU = Release|Any CPU
	EndGlobalSection
	GlobalSection(ProjectConfigurationPlatforms) = postSolution
		{687FAD06-7C47-40CA-8BA0-4B33B57685A6}.Debug|Any CPU.ActiveCfg = Debug|Any CPU
		{687FAD06-7C47-40CA-8BA0-4B33B57685A6}.Debug|Any CPU.Build.0 = Debug|Any CPU
		{687FAD06-7C47-40CA-8BA0-4B33B57685A6}.Release|Any CPU.ActiveCfg = Release|Any CPU
		{687FAD06-7C47-40CA-8BA0-4B33B57685A6}.Release|Any CPU.Build.0 = Release|Any CPU
		{045F2E0A-DF0F-48BA-8916-D21B8244EFA0}.Debug|Any CPU.ActiveCfg = Debug|Any CPU
		{045F2E0A-DF0F-48BA-8916-D21B8244EFA0}.Debug|Any CPU.Build.0 = Debug|Any CPU
		{045F2E0A-DF0F-48BA-8916-D21B8244EFA0}.Release|Any CPU.ActiveCfg = Release|Any CPU
		{045F2E0A-DF0F-48BA-8916-D21B8244EFA0}.Release|Any CPU.Build.0 = Release|Any CPU
		{66C2E415-57F7-4066-B06A-33B0829FFDF7}.Debug|Any CPU.ActiveCfg = Debug|Any CPU
		{66C2E415-57F7-4066-B06A-33B0829FFDF7}.Debug|Any CPU.Build.0 = Debug|Any CPU
		{66C2E415-57F7-4066-B06A-33B0829FFDF7}.Release|Any CPU.ActiveCfg = Release|Any CPU
		{66C2E415-57F7-4066-B06A-33B0829FFDF7}.Release|Any CPU.Build.0 = Release|Any CPU
		{4C98FFB7-D0C6-4AE7-8518-D4428A1E997D}.Debug|Any CPU.ActiveCfg = Debug|Any CPU
		{4C98FFB7-D0C6-4AE7-8518-D4428A1E997D}.Debug|Any CPU.Build.0 = Debug|Any CPU
		{4C98FFB7-D0C6-4AE7-8518-D4428A1E997D}.Release|Any CPU.ActiveCfg = Release|Any CPU
		{4C98FFB7-D0C6-4AE7-8518-D4428A1E997D}.Release|Any CPU.Build.0 = Release|Any CPU
	EndGlobalSection
	GlobalSection(SolutionProperties) = preSolution
		HideSolutionNode = FALSE
	EndGlobalSection
EndGlobal
